
Microsoft Visual Studio Solution File, Format Version 12.00
# Visual Studio Version 16
VisualStudioVersion = 16.0.31105.61
MinimumVisualStudioVersion = 10.0.40219.1
Project("{FAE04EC0-301F-11D3-BF4B-00C04F79EFBC}") = "MyDemoApp.Web", "MyDemoApp.Web\MyDemoApp.Web.csproj", "{3B0FB1C4-E25A-4D8A-9DB2-95FEAF17DA33}"
EndProject
Project("{FAE04EC0-301F-11D3-BF4B-00C04F79EFBC}") = "MyDemoApp.Tests", "MyDemoApp.Tests\MyDemoApp.Tests.csproj", "{079A5676-2AFB-4CC4-B887-F952200E39E7}"
EndProject
Global
	GlobalSection(SolutionConfigurationPlatforms) = preSolution
		Debug|Any CPU = Debug|Any CPU
		Release|Any CPU = Release|Any CPU
	EndGlobalSection
	GlobalSection(ProjectConfigurationPlatforms) = postSolution
		{3B0FB1C4-E25A-4D8A-9DB2-95FEAF17DA33}.Debug|Any CPU.ActiveCfg = Debug|Any CPU
		{3B0FB1C4-E25A-4D8A-9DB2-95FEAF17DA33}.Debug|Any CPU.Build.0 = Debug|Any CPU
		{3B0FB1C4-E25A-4D8A-9DB2-95FEAF17DA33}.Release|Any CPU.ActiveCfg = Release|Any CPU
		{3B0FB1C4-E25A-4D8A-9DB2-95FEAF17DA33}.Release|Any CPU.Build.0 = Release|Any CPU
		{079A5676-2AFB-4CC4-B887-F952200E39E7}.Debug|Any CPU.ActiveCfg = Debug|Any CPU
		{079A5676-2AFB-4CC4-B887-F952200E39E7}.Debug|Any CPU.Build.0 = Debug|Any CPU
		{079A5676-2AFB-4CC4-B887-F952200E39E7}.Release|Any CPU.ActiveCfg = Release|Any CPU
		{079A5676-2AFB-4CC4-B887-F952200E39E7}.Release|Any CPU.Build.0 = Release|Any CPU
	EndGlobalSection
	GlobalSection(SolutionProperties) = preSolution
		HideSolutionNode = FALSE
	EndGlobalSection
	GlobalSection(ExtensibilityGlobals) = postSolution
		SolutionGuid = {40269A5B-86DC-40E4-BFBB-BE94483D0E0E}
	EndGlobalSection
EndGlobal
